
Microsoft Visual Studio Solution File, Format Version 12.00
# Visual Studio Version 16
VisualStudioVersion = 16.0.31112.23
MinimumVisualStudioVersion = 10.0.40219.1
Project("{FAE04EC0-301F-11D3-BF4B-00C04F79EFBC}") = "ryzyky_lab1", "ryzyky_lab1\ryzyky_lab1.csproj", "{AB478AAE-D2EE-4A5A-917E-049845C05AAA}"
EndProject
Global
	GlobalSection(SolutionConfigurationPlatforms) = preSolution
		Debug|Any CPU = Debug|Any CPU
		Release|Any CPU = Release|Any CPU
	EndGlobalSection
	GlobalSection(ProjectConfigurationPlatforms) = postSolution
		{AB478AAE-D2EE-4A5A-917E-049845C05AAA}.Debug|Any CPU.ActiveCfg = Debug|Any CPU
		{AB478AAE-D2EE-4A5A-917E-049845C05AAA}.Debug|Any CPU.Build.0 = Debug|Any CPU
		{AB478AAE-D2EE-4A5A-917E-049845C05AAA}.Release|Any CPU.ActiveCfg = Release|Any CPU
		{AB478AAE-D2EE-4A5A-917E-049845C05AAA}.Release|Any CPU.Build.0 = Release|Any CPU
	EndGlobalSection
	GlobalSection(SolutionProperties) = preSolution
		HideSolutionNode = FALSE
	EndGlobalSection
	GlobalSection(ExtensibilityGlobals) = postSolution
		SolutionGuid = {496C60F0-22FB-4E3D-ABF4-7404BF9EF2DD}
	EndGlobalSection
EndGlobal
