
Microsoft Visual Studio Solution File, Format Version 12.00
# Visual Studio Version 16
VisualStudioVersion = 16.0.31112.23
MinimumVisualStudioVersion = 10.0.40219.1
Project("{FAE04EC0-301F-11D3-BF4B-00C04F79EFBC}") = "lab3_ryzyky", "lab3_ryzyky\lab3_ryzyky.csproj", "{1DBB4405-E703-4FCB-98F0-2C08013D119C}"
EndProject
Global
	GlobalSection(SolutionConfigurationPlatforms) = preSolution
		Debug|Any CPU = Debug|Any CPU
		Release|Any CPU = Release|Any CPU
	EndGlobalSection
	GlobalSection(ProjectConfigurationPlatforms) = postSolution
		{1DBB4405-E703-4FCB-98F0-2C08013D119C}.Debug|Any CPU.ActiveCfg = Debug|Any CPU
		{1DBB4405-E703-4FCB-98F0-2C08013D119C}.Debug|Any CPU.Build.0 = Debug|Any CPU
		{1DBB4405-E703-4FCB-98F0-2C08013D119C}.Release|Any CPU.ActiveCfg = Release|Any CPU
		{1DBB4405-E703-4FCB-98F0-2C08013D119C}.Release|Any CPU.Build.0 = Release|Any CPU
	EndGlobalSection
	GlobalSection(SolutionProperties) = preSolution
		HideSolutionNode = FALSE
	EndGlobalSection
	GlobalSection(ExtensibilityGlobals) = postSolution
		SolutionGuid = {B32C1937-0C5F-413B-AE04-6BBB0C1AEE78}
	EndGlobalSection
EndGlobal
